
Microsoft Visual Studio Solution File, Format Version 12.00
# Visual Studio 2013
VisualStudioVersion = 12.0.21005.1
MinimumVisualStudioVersion = 10.0.40219.1
Project("{FAE04EC0-301F-11D3-BF4B-00C04F79EFBC}") = "PowerTables", "PowerTables\PowerTables.csproj", "{2E931FD3-EFE9-42D5-8D90-F3B659F06760}"
EndProject
Project("{FAE04EC0-301F-11D3-BF4B-00C04F79EFBC}") = "PowerTables.Mvc", "PowerTables.Mvc\PowerTables.Mvc.csproj", "{DBFE0B3B-DC1E-4979-8170-0849253C4687}"
EndProject
Project("{FAE04EC0-301F-11D3-BF4B-00C04F79EFBC}") = "PowerTables.Typings", "PowerTables.Typings\PowerTables.Typings.csproj", "{89CE0C6B-E552-484A-9A95-86C2EA81EEBB}"
EndProject
Project("{FAE04EC0-301F-11D3-BF4B-00C04F79EFBC}") = "PowerTables.Script", "PowerTables.Script\PowerTables.Script.csproj", "{DCB38E53-9A9D-4352-90AA-44785455DFA3}"
EndProject
Global
	GlobalSection(SolutionConfigurationPlatforms) = preSolution
		Debug|Any CPU = Debug|Any CPU
		Release|Any CPU = Release|Any CPU
	EndGlobalSection
	GlobalSection(ProjectConfigurationPlatforms) = postSolution
		{2E931FD3-EFE9-42D5-8D90-F3B659F06760}.Debug|Any CPU.ActiveCfg = Debug|Any CPU
		{2E931FD3-EFE9-42D5-8D90-F3B659F06760}.Debug|Any CPU.Build.0 = Debug|Any CPU
		{2E931FD3-EFE9-42D5-8D90-F3B659F06760}.Release|Any CPU.ActiveCfg = Release|Any CPU
		{2E931FD3-EFE9-42D5-8D90-F3B659F06760}.Release|Any CPU.Build.0 = Release|Any CPU
		{DBFE0B3B-DC1E-4979-8170-0849253C4687}.Debug|Any CPU.ActiveCfg = Debug|Any CPU
		{DBFE0B3B-DC1E-4979-8170-0849253C4687}.Debug|Any CPU.Build.0 = Debug|Any CPU
		{DBFE0B3B-DC1E-4979-8170-0849253C4687}.Release|Any CPU.ActiveCfg = Release|Any CPU
		{DBFE0B3B-DC1E-4979-8170-0849253C4687}.Release|Any CPU.Build.0 = Release|Any CPU
		{89CE0C6B-E552-484A-9A95-86C2EA81EEBB}.Debug|Any CPU.ActiveCfg = Debug|Any CPU
		{89CE0C6B-E552-484A-9A95-86C2EA81EEBB}.Debug|Any CPU.Build.0 = Debug|Any CPU
		{89CE0C6B-E552-484A-9A95-86C2EA81EEBB}.Release|Any CPU.ActiveCfg = Release|Any CPU
		{89CE0C6B-E552-484A-9A95-86C2EA81EEBB}.Release|Any CPU.Build.0 = Release|Any CPU
		{DCB38E53-9A9D-4352-90AA-44785455DFA3}.Debug|Any CPU.ActiveCfg = Debug|Any CPU
		{DCB38E53-9A9D-4352-90AA-44785455DFA3}.Debug|Any CPU.Build.0 = Debug|Any CPU
		{DCB38E53-9A9D-4352-90AA-44785455DFA3}.Release|Any CPU.ActiveCfg = Release|Any CPU
		{DCB38E53-9A9D-4352-90AA-44785455DFA3}.Release|Any CPU.Build.0 = Release|Any CPU
	EndGlobalSection
	GlobalSection(SolutionProperties) = preSolution
		HideSolutionNode = FALSE
	EndGlobalSection
EndGlobal
