
Microsoft Visual Studio Solution File, Format Version 12.00
# Visual Studio 14
VisualStudioVersion = 14.0.25420.1
MinimumVisualStudioVersion = 10.0.40219.1
Project("{FAE04EC0-301F-11D3-BF4B-00C04F79EFBC}") = "Reinforced.Lattice", "PowerTables\Reinforced.Lattice.csproj", "{2E931FD3-EFE9-42D5-8D90-F3B659F06760}"
EndProject
Project("{FAE04EC0-301F-11D3-BF4B-00C04F79EFBC}") = "PowerTables.Mvc", "PowerTables.Mvc\PowerTables.Mvc.csproj", "{DBFE0B3B-DC1E-4979-8170-0849253C4687}"
EndProject
Project("{FAE04EC0-301F-11D3-BF4B-00C04F79EFBC}") = "Reinforced.Lattice.Typings", "PowerTables.Typings\Reinforced.Lattice.Typings.csproj", "{89CE0C6B-E552-484A-9A95-86C2EA81EEBB}"
EndProject
Project("{FAE04EC0-301F-11D3-BF4B-00C04F79EFBC}") = "Reinforced.Lattice.Script", "PowerTables.Script\Reinforced.Lattice.Script.csproj", "{DCB38E53-9A9D-4352-90AA-44785455DFA3}"
EndProject
Project("{FAE04EC0-301F-11D3-BF4B-00C04F79EFBC}") = "Reinforced.Lattice.Mvc", "Reinforced.Lattice.Mvc\Reinforced.Lattice.Mvc.csproj", "{1AC04086-7A85-4E84-928F-D739C16B33A8}"
EndProject
Project("{FAE04EC0-301F-11D3-BF4B-00C04F79EFBC}") = "Reinforced.Lattice.Templates", "Reinforced.Lattice.Templating\Reinforced.Lattice.Templates.csproj", "{AEAD84D9-50AF-48AA-8D26-5408AF239EEF}"
EndProject
Global
	GlobalSection(SolutionConfigurationPlatforms) = preSolution
		Debug|Any CPU = Debug|Any CPU
		Release|Any CPU = Release|Any CPU
	EndGlobalSection
	GlobalSection(ProjectConfigurationPlatforms) = postSolution
		{2E931FD3-EFE9-42D5-8D90-F3B659F06760}.Debug|Any CPU.ActiveCfg = Debug|Any CPU
		{2E931FD3-EFE9-42D5-8D90-F3B659F06760}.Debug|Any CPU.Build.0 = Debug|Any CPU
		{2E931FD3-EFE9-42D5-8D90-F3B659F06760}.Release|Any CPU.ActiveCfg = Release|Any CPU
		{2E931FD3-EFE9-42D5-8D90-F3B659F06760}.Release|Any CPU.Build.0 = Release|Any CPU
		{DBFE0B3B-DC1E-4979-8170-0849253C4687}.Debug|Any CPU.ActiveCfg = Debug|Any CPU
		{DBFE0B3B-DC1E-4979-8170-0849253C4687}.Debug|Any CPU.Build.0 = Debug|Any CPU
		{DBFE0B3B-DC1E-4979-8170-0849253C4687}.Release|Any CPU.ActiveCfg = Release|Any CPU
		{DBFE0B3B-DC1E-4979-8170-0849253C4687}.Release|Any CPU.Build.0 = Release|Any CPU
		{89CE0C6B-E552-484A-9A95-86C2EA81EEBB}.Debug|Any CPU.ActiveCfg = Debug|Any CPU
		{89CE0C6B-E552-484A-9A95-86C2EA81EEBB}.Debug|Any CPU.Build.0 = Debug|Any CPU
		{89CE0C6B-E552-484A-9A95-86C2EA81EEBB}.Release|Any CPU.ActiveCfg = Release|Any CPU
		{89CE0C6B-E552-484A-9A95-86C2EA81EEBB}.Release|Any CPU.Build.0 = Release|Any CPU
		{DCB38E53-9A9D-4352-90AA-44785455DFA3}.Debug|Any CPU.ActiveCfg = Debug|Any CPU
		{DCB38E53-9A9D-4352-90AA-44785455DFA3}.Release|Any CPU.ActiveCfg = Release|Any CPU
		{1AC04086-7A85-4E84-928F-D739C16B33A8}.Debug|Any CPU.ActiveCfg = Debug|Any CPU
		{1AC04086-7A85-4E84-928F-D739C16B33A8}.Debug|Any CPU.Build.0 = Debug|Any CPU
		{1AC04086-7A85-4E84-928F-D739C16B33A8}.Release|Any CPU.ActiveCfg = Release|Any CPU
		{1AC04086-7A85-4E84-928F-D739C16B33A8}.Release|Any CPU.Build.0 = Release|Any CPU
		{AEAD84D9-50AF-48AA-8D26-5408AF239EEF}.Debug|Any CPU.ActiveCfg = Debug|Any CPU
		{AEAD84D9-50AF-48AA-8D26-5408AF239EEF}.Debug|Any CPU.Build.0 = Debug|Any CPU
		{AEAD84D9-50AF-48AA-8D26-5408AF239EEF}.Release|Any CPU.ActiveCfg = Release|Any CPU
		{AEAD84D9-50AF-48AA-8D26-5408AF239EEF}.Release|Any CPU.Build.0 = Release|Any CPU
	EndGlobalSection
	GlobalSection(SolutionProperties) = preSolution
		HideSolutionNode = FALSE
	EndGlobalSection
EndGlobal
